<?xml version="1.0" encoding="utf-8"?>
<Project ToolsVersion="4.0" xmlns="http://schemas.microsoft.com/developer/msbuild/2003">
  <ItemGroup>
    <Filter Include="리소스 파일">
      <UniqueIdentifier>{67DA6AB6-F800-4c08-8B7A-83BB121AAD01}</UniqueIdentifier>
      <Extensions>rc;ico;cur;bmp;dlg;rc2;rct;bin;rgs;gif;jpg;jpeg;jpe;resx;tiff;tif;png;wav;mfcribbon-ms</Extensions>
    </Filter>
    <Filter Include="Videnc">
      <UniqueIdentifier>{9e9898c2-c70a-43e9-8138-bcd30c84e48b}</UniqueIdentifier>
    </Filter>
  </ItemGroup>
  <ItemGroup>
    <ClInclude Include="ManagedIStream.h">
      <Filter>Videnc</Filter>
    </ClInclude>
    <ClInclude Include="MPEG4Streamer.h">
      <Filter>Videnc</Filter>
    </ClInclude>
    <ClInclude Include="Processors.h">
      <Filter>Videnc</Filter>
    </ClInclude>
    <ClInclude Include="Videnc.h">
      <Filter>Videnc</Filter>
    </ClInclude>
    <ClInclude Include="resource.h">
      <Filter>리소스 파일</Filter>
    </ClInclude>
    <ClInclude Include="Stdafx.h">
      <Filter>리소스 파일</Filter>
    </ClInclude>
    <ClInclude Include="Direct2DUtility.h">
      <Filter>Videnc</Filter>
    </ClInclude>
  </ItemGroup>
  <ItemGroup>
    <ClCompile Include="ManagedIStream.cpp">
      <Filter>Videnc</Filter>
    </ClCompile>
    <ClCompile Include="MPEG4Streamer.cpp">
      <Filter>Videnc</Filter>
    </ClCompile>
    <ClCompile Include="Processors.cpp">
      <Filter>Videnc</Filter>
    </ClCompile>
    <ClCompile Include="AssemblyInfo.cpp">
      <Filter>리소스 파일</Filter>
    </ClCompile>
    <ClCompile Include="Stdafx.cpp">
      <Filter>리소스 파일</Filter>
    </ClCompile>
    <ClCompile Include="Direct2DUtility.cpp">
      <Filter>Videnc</Filter>
    </ClCompile>
  </ItemGroup>
  <ItemGroup>
    <ResourceCompile Include="app.rc">
      <Filter>리소스 파일</Filter>
    </ResourceCompile>
  </ItemGroup>
</Project>